
Microsoft Visual Studio Solution File, Format Version 12.00
# Visual Studio Version 17
VisualStudioVersion = 17.6.33829.357
MinimumVisualStudioVersion = 10.0.40219.1
Project("{FAE04EC0-301F-11D3-BF4B-00C04F79EFBC}") = "schap_bai13", "schap_bai13.csproj", "{D185009F-AB44-4BDB-B4E0-EE32DEBE4A5C}"
EndProject
Global
	GlobalSection(SolutionConfigurationPlatforms) = preSolution
		Debug|Any CPU = Debug|Any CPU
		Release|Any CPU = Release|Any CPU
	EndGlobalSection
	GlobalSection(ProjectConfigurationPlatforms) = postSolution
		{D185009F-AB44-4BDB-B4E0-EE32DEBE4A5C}.Debug|Any CPU.ActiveCfg = Debug|Any CPU
		{D185009F-AB44-4BDB-B4E0-EE32DEBE4A5C}.Debug|Any CPU.Build.0 = Debug|Any CPU
		{D185009F-AB44-4BDB-B4E0-EE32DEBE4A5C}.Release|Any CPU.ActiveCfg = Release|Any CPU
		{D185009F-AB44-4BDB-B4E0-EE32DEBE4A5C}.Release|Any CPU.Build.0 = Release|Any CPU
	EndGlobalSection
	GlobalSection(SolutionProperties) = preSolution
		HideSolutionNode = FALSE
	EndGlobalSection
	GlobalSection(ExtensibilityGlobals) = postSolution
		SolutionGuid = {EBE2B3BB-C6B5-41C1-A920-50042A35516E}
	EndGlobalSection
EndGlobal
